
Microsoft Visual Studio Solution File, Format Version 12.00
# Visual Studio Version 17
VisualStudioVersion = 17.5.001.0
MinimumVisualStudioVersion = 10.0.40219.1
Project("{9A19103F-16F7-4668-BE54-9A1E7A4F7556}") = "Homework_C_sharp", "Homework_C_sharp.csproj", "{7F4DF4AD-84E8-4A91-A4DA-CE184CC0275E}"
EndProject
Global
	GlobalSection(SolutionConfigurationPlatforms) = preSolution
		Debug|Any CPU = Debug|Any CPU
		Release|Any CPU = Release|Any CPU
	EndGlobalSection
	GlobalSection(ProjectConfigurationPlatforms) = postSolution
		{7F4DF4AD-84E8-4A91-A4DA-CE184CC0275E}.Debug|Any CPU.ActiveCfg = Debug|Any CPU
		{7F4DF4AD-84E8-4A91-A4DA-CE184CC0275E}.Debug|Any CPU.Build.0 = Debug|Any CPU
		{7F4DF4AD-84E8-4A91-A4DA-CE184CC0275E}.Release|Any CPU.ActiveCfg = Release|Any CPU
		{7F4DF4AD-84E8-4A91-A4DA-CE184CC0275E}.Release|Any CPU.Build.0 = Release|Any CPU
	EndGlobalSection
	GlobalSection(SolutionProperties) = preSolution
		HideSolutionNode = FALSE
	EndGlobalSection
	GlobalSection(ExtensibilityGlobals) = postSolution
		SolutionGuid = {AEA57DBB-5E21-432A-BA6C-0F563AE8787D}
	EndGlobalSection
EndGlobal
